{
  "requires": true,
  "lockfileVersion": 1,
  "dependencies": {
    "gsap": {
      "version": "3.4.0",
      "resolved": "https://registry.npmjs.org/gsap/-/gsap-3.4.0.tgz",
      "integrity": "sha512-b/GJjLIl9X5bPrlQ6ek7KV6ZPKP2HsKXr7HcuTEQe4725SkCTialLHnrhglxZISIg+zCRrQXawexRUeKZz5CjQ=="
    }
  }
}
